
Microsoft Visual Studio Solution File, Format Version 12.00
# Visual Studio Version 17
VisualStudioVersion = 17.9.34714.143
MinimumVisualStudioVersion = 10.0.40219.1
Project("{FAE04EC0-301F-11D3-BF4B-00C04F79EFBC}") = "SliverLoader", "SliverLoader\SliverLoader.csproj", "{6B0B3BD2-BBEF-4D21-A298-4B98A047F75C}"
EndProject
Global
	GlobalSection(SolutionConfigurationPlatforms) = preSolution
		Debug|Any CPU = Debug|Any CPU
		Release|Any CPU = Release|Any CPU
	EndGlobalSection
	GlobalSection(ProjectConfigurationPlatforms) = postSolution
		{6B0B3BD2-BBEF-4D21-A298-4B98A047F75C}.Debug|Any CPU.ActiveCfg = Debug|Any CPU
		{6B0B3BD2-BBEF-4D21-A298-4B98A047F75C}.Debug|Any CPU.Build.0 = Debug|Any CPU
		{6B0B3BD2-BBEF-4D21-A298-4B98A047F75C}.Release|Any CPU.ActiveCfg = Release|Any CPU
		{6B0B3BD2-BBEF-4D21-A298-4B98A047F75C}.Release|Any CPU.Build.0 = Release|Any CPU
	EndGlobalSection
	GlobalSection(SolutionProperties) = preSolution
		HideSolutionNode = FALSE
	EndGlobalSection
	GlobalSection(ExtensibilityGlobals) = postSolution
		SolutionGuid = {E34E2F2A-FA65-4FCB-A0E5-3D55070921A5}
	EndGlobalSection
EndGlobal
